
Microsoft Visual Studio Solution File, Format Version 12.00
# Visual Studio Version 16
VisualStudioVersion = 16.0.31410.357
MinimumVisualStudioVersion = 10.0.40219.1
Project("{FAE04EC0-301F-11D3-BF4B-00C04F79EFBC}") = "ConsoleUI", "ConsoleUI\ConsoleUI.csproj", "{B3A2ABA6-B0A5-4E5B-ADBE-93577B91118D}"
EndProject
Global
	GlobalSection(SolutionConfigurationPlatforms) = preSolution
		Debug|Any CPU = Debug|Any CPU
		Release|Any CPU = Release|Any CPU
	EndGlobalSection
	GlobalSection(ProjectConfigurationPlatforms) = postSolution
		{B3A2ABA6-B0A5-4E5B-ADBE-93577B91118D}.Debug|Any CPU.ActiveCfg = Debug|Any CPU
		{B3A2ABA6-B0A5-4E5B-ADBE-93577B91118D}.Debug|Any CPU.Build.0 = Debug|Any CPU
		{B3A2ABA6-B0A5-4E5B-ADBE-93577B91118D}.Release|Any CPU.ActiveCfg = Release|Any CPU
		{B3A2ABA6-B0A5-4E5B-ADBE-93577B91118D}.Release|Any CPU.Build.0 = Release|Any CPU
	EndGlobalSection
	GlobalSection(SolutionProperties) = preSolution
		HideSolutionNode = FALSE
	EndGlobalSection
	GlobalSection(ExtensibilityGlobals) = postSolution
		SolutionGuid = {CAA76DFE-6A29-4677-B0DD-1DE539227EE1}
	EndGlobalSection
EndGlobal
